
Microsoft Visual Studio Solution File, Format Version 12.00
# Visual Studio Version 16
VisualStudioVersion = 16.0.31702.278
MinimumVisualStudioVersion = 10.0.40219.1
Project("{9A19103F-16F7-4668-BE54-9A1E7A4F7556}") = "ConsoleApp18", "ConsoleApp18.csproj", "{7D5991AC-67FE-4587-A3DF-64383D7D577E}"
EndProject
Global
	GlobalSection(SolutionConfigurationPlatforms) = preSolution
		Debug|Any CPU = Debug|Any CPU
		Release|Any CPU = Release|Any CPU
	EndGlobalSection
	GlobalSection(ProjectConfigurationPlatforms) = postSolution
		{7D5991AC-67FE-4587-A3DF-64383D7D577E}.Debug|Any CPU.ActiveCfg = Debug|Any CPU
		{7D5991AC-67FE-4587-A3DF-64383D7D577E}.Debug|Any CPU.Build.0 = Debug|Any CPU
		{7D5991AC-67FE-4587-A3DF-64383D7D577E}.Release|Any CPU.ActiveCfg = Release|Any CPU
		{7D5991AC-67FE-4587-A3DF-64383D7D577E}.Release|Any CPU.Build.0 = Release|Any CPU
	EndGlobalSection
	GlobalSection(SolutionProperties) = preSolution
		HideSolutionNode = FALSE
	EndGlobalSection
	GlobalSection(ExtensibilityGlobals) = postSolution
		SolutionGuid = {345F71FD-C95C-4816-BF30-45CA0C08B481}
	EndGlobalSection
EndGlobal
